
Microsoft Visual Studio Solution File, Format Version 12.00
# Visual Studio Version 17
VisualStudioVersion = 17.3.32901.215
MinimumVisualStudioVersion = 10.0.40219.1
Project("{FAE04EC0-301F-11D3-BF4B-00C04F79EFBC}") = "132HiranurKulakcı", "132HiranurKulakcı\132HiranurKulakcı.csproj", "{408189DE-6DD5-43BD-B59E-9A05C76FA385}"
EndProject
Global
	GlobalSection(SolutionConfigurationPlatforms) = preSolution
		Debug|Any CPU = Debug|Any CPU
		Release|Any CPU = Release|Any CPU
	EndGlobalSection
	GlobalSection(ProjectConfigurationPlatforms) = postSolution
		{408189DE-6DD5-43BD-B59E-9A05C76FA385}.Debug|Any CPU.ActiveCfg = Debug|Any CPU
		{408189DE-6DD5-43BD-B59E-9A05C76FA385}.Debug|Any CPU.Build.0 = Debug|Any CPU
		{408189DE-6DD5-43BD-B59E-9A05C76FA385}.Release|Any CPU.ActiveCfg = Release|Any CPU
		{408189DE-6DD5-43BD-B59E-9A05C76FA385}.Release|Any CPU.Build.0 = Release|Any CPU
	EndGlobalSection
	GlobalSection(SolutionProperties) = preSolution
		HideSolutionNode = FALSE
	EndGlobalSection
	GlobalSection(ExtensibilityGlobals) = postSolution
		SolutionGuid = {B80AE751-A542-4044-B8CF-25442FAC4B7B}
	EndGlobalSection
EndGlobal
